
Microsoft Visual Studio Solution File, Format Version 12.00
Project("{2150E333-8FDC-42A3-9474-1A3956D46DE8}") = ".solution", ".solution", "{29D1B11D-F0AC-4B52-808D-3BD2079626DC}"
	ProjectSection(SolutionItems) = preProject
		docker-compose.yaml = docker-compose.yaml
		README.md = README.md
	EndProjectSection
EndProject
Project("{2150E333-8FDC-42A3-9474-1A3956D46DE8}") = "src", "src", "{C2140413-4FF9-4437-A9B0-659C462649DF}"
EndProject
Project("{FAE04EC0-301F-11D3-BF4B-00C04F79EFBC}") = "MMR.Api", "src\MMR.Api\MMR.Api.csproj", "{F27F6F85-4211-45F9-AC4E-A57B0F873E66}"
EndProject
Project("{2150E333-8FDC-42A3-9474-1A3956D46DE8}") = "Common", "Common", "{703DE90C-D1FE-45C0-803F-B19EC6B3DFFA}"
EndProject
Project("{FAE04EC0-301F-11D3-BF4B-00C04F79EFBC}") = "MMR.Common.Data", "src\Common\MMR.Common.Data\MMR.Common.Data.csproj", "{4D7E93E4-729D-4E39-925E-FCB1B7055BA7}"
EndProject
Project("{FAE04EC0-301F-11D3-BF4B-00C04F79EFBC}") = "MMR.Common", "src\Common\MMR.Common\MMR.Common.csproj", "{53E4219C-2AD5-4AC4-A1D8-7593F632904B}"
EndProject
Project("{2150E333-8FDC-42A3-9474-1A3956D46DE8}") = "Modules", "Modules", "{CC782861-A50D-4D4B-8DF8-23F4A096CDB3}"
EndProject
Project("{FAE04EC0-301F-11D3-BF4B-00C04F79EFBC}") = "MMR.Patient", "src\Modules\MMR.Patient\MMR.Patient.csproj", "{44CB23CF-C68E-496D-91AB-71D4D4B017C6}"
EndProject
Project("{FAE04EC0-301F-11D3-BF4B-00C04F79EFBC}") = "MMR.Common.Api", "src\Common\MMR.Common.Api\MMR.Common.Api.csproj", "{F908AD14-D96E-455B-8271-C68E7BE93370}"
EndProject
Global
	GlobalSection(SolutionConfigurationPlatforms) = preSolution
		Debug|Any CPU = Debug|Any CPU
		Release|Any CPU = Release|Any CPU
	EndGlobalSection
	GlobalSection(NestedProjects) = preSolution
		{F27F6F85-4211-45F9-AC4E-A57B0F873E66} = {C2140413-4FF9-4437-A9B0-659C462649DF}
		{703DE90C-D1FE-45C0-803F-B19EC6B3DFFA} = {C2140413-4FF9-4437-A9B0-659C462649DF}
		{4D7E93E4-729D-4E39-925E-FCB1B7055BA7} = {703DE90C-D1FE-45C0-803F-B19EC6B3DFFA}
		{53E4219C-2AD5-4AC4-A1D8-7593F632904B} = {703DE90C-D1FE-45C0-803F-B19EC6B3DFFA}
		{CC782861-A50D-4D4B-8DF8-23F4A096CDB3} = {C2140413-4FF9-4437-A9B0-659C462649DF}
		{44CB23CF-C68E-496D-91AB-71D4D4B017C6} = {CC782861-A50D-4D4B-8DF8-23F4A096CDB3}
		{F908AD14-D96E-455B-8271-C68E7BE93370} = {703DE90C-D1FE-45C0-803F-B19EC6B3DFFA}
	EndGlobalSection
	GlobalSection(ProjectConfigurationPlatforms) = postSolution
		{F27F6F85-4211-45F9-AC4E-A57B0F873E66}.Debug|Any CPU.ActiveCfg = Debug|Any CPU
		{F27F6F85-4211-45F9-AC4E-A57B0F873E66}.Debug|Any CPU.Build.0 = Debug|Any CPU
		{F27F6F85-4211-45F9-AC4E-A57B0F873E66}.Release|Any CPU.ActiveCfg = Release|Any CPU
		{F27F6F85-4211-45F9-AC4E-A57B0F873E66}.Release|Any CPU.Build.0 = Release|Any CPU
		{4D7E93E4-729D-4E39-925E-FCB1B7055BA7}.Debug|Any CPU.ActiveCfg = Debug|Any CPU
		{4D7E93E4-729D-4E39-925E-FCB1B7055BA7}.Debug|Any CPU.Build.0 = Debug|Any CPU
		{4D7E93E4-729D-4E39-925E-FCB1B7055BA7}.Release|Any CPU.ActiveCfg = Release|Any CPU
		{4D7E93E4-729D-4E39-925E-FCB1B7055BA7}.Release|Any CPU.Build.0 = Release|Any CPU
		{53E4219C-2AD5-4AC4-A1D8-7593F632904B}.Debug|Any CPU.ActiveCfg = Debug|Any CPU
		{53E4219C-2AD5-4AC4-A1D8-7593F632904B}.Debug|Any CPU.Build.0 = Debug|Any CPU
		{53E4219C-2AD5-4AC4-A1D8-7593F632904B}.Release|Any CPU.ActiveCfg = Release|Any CPU
		{53E4219C-2AD5-4AC4-A1D8-7593F632904B}.Release|Any CPU.Build.0 = Release|Any CPU
		{44CB23CF-C68E-496D-91AB-71D4D4B017C6}.Debug|Any CPU.ActiveCfg = Debug|Any CPU
		{44CB23CF-C68E-496D-91AB-71D4D4B017C6}.Debug|Any CPU.Build.0 = Debug|Any CPU
		{44CB23CF-C68E-496D-91AB-71D4D4B017C6}.Release|Any CPU.ActiveCfg = Release|Any CPU
		{44CB23CF-C68E-496D-91AB-71D4D4B017C6}.Release|Any CPU.Build.0 = Release|Any CPU
		{F908AD14-D96E-455B-8271-C68E7BE93370}.Debug|Any CPU.ActiveCfg = Debug|Any CPU
		{F908AD14-D96E-455B-8271-C68E7BE93370}.Debug|Any CPU.Build.0 = Debug|Any CPU
		{F908AD14-D96E-455B-8271-C68E7BE93370}.Release|Any CPU.ActiveCfg = Release|Any CPU
		{F908AD14-D96E-455B-8271-C68E7BE93370}.Release|Any CPU.Build.0 = Release|Any CPU
	EndGlobalSection
EndGlobal
